
Microsoft Visual Studio Solution File, Format Version 12.00
# Visual Studio 15
VisualStudioVersion = 15.0.28307.271
MinimumVisualStudioVersion = 10.0.40219.1
Project("{FAE04EC0-301F-11D3-BF4B-00C04F79EFBC}") = "Contacts", "Contacts\Contacts.csproj", "{75F9951F-7F89-42CE-9A73-54BC4ADC774C}"
EndProject
Global
	GlobalSection(SolutionConfigurationPlatforms) = preSolution
		Debug|Any CPU = Debug|Any CPU
		Release|Any CPU = Release|Any CPU
	EndGlobalSection
	GlobalSection(ProjectConfigurationPlatforms) = postSolution
		{75F9951F-7F89-42CE-9A73-54BC4ADC774C}.Debug|Any CPU.ActiveCfg = Debug|Any CPU
		{75F9951F-7F89-42CE-9A73-54BC4ADC774C}.Debug|Any CPU.Build.0 = Debug|Any CPU
		{75F9951F-7F89-42CE-9A73-54BC4ADC774C}.Release|Any CPU.ActiveCfg = Release|Any CPU
		{75F9951F-7F89-42CE-9A73-54BC4ADC774C}.Release|Any CPU.Build.0 = Release|Any CPU
	EndGlobalSection
	GlobalSection(SolutionProperties) = preSolution
		HideSolutionNode = FALSE
	EndGlobalSection
	GlobalSection(ExtensibilityGlobals) = postSolution
		SolutionGuid = {8CFD9D79-2959-4602-8C85-C9D20D6439CE}
	EndGlobalSection
EndGlobal
